
Microsoft Visual Studio Solution File, Format Version 12.00
# Visual Studio Version 17
VisualStudioVersion = 17.3.32929.385
MinimumVisualStudioVersion = 10.0.40219.1
Project("{FAE04EC0-301F-11D3-BF4B-00C04F79EFBC}") = "service monitor 1", "service monitor 1\service monitor 1.csproj", "{6B32E511-1034-436B-B01F-23FD633B203D}"
EndProject
Global
	GlobalSection(SolutionConfigurationPlatforms) = preSolution
		Debug|Any CPU = Debug|Any CPU
		Release|Any CPU = Release|Any CPU
	EndGlobalSection
	GlobalSection(ProjectConfigurationPlatforms) = postSolution
		{6B32E511-1034-436B-B01F-23FD633B203D}.Debug|Any CPU.ActiveCfg = Debug|Any CPU
		{6B32E511-1034-436B-B01F-23FD633B203D}.Debug|Any CPU.Build.0 = Debug|Any CPU
		{6B32E511-1034-436B-B01F-23FD633B203D}.Release|Any CPU.ActiveCfg = Release|Any CPU
		{6B32E511-1034-436B-B01F-23FD633B203D}.Release|Any CPU.Build.0 = Release|Any CPU
	EndGlobalSection
	GlobalSection(SolutionProperties) = preSolution
		HideSolutionNode = FALSE
	EndGlobalSection
	GlobalSection(ExtensibilityGlobals) = postSolution
		SolutionGuid = {05B263F8-59DA-4C94-BA0E-97EDB8C47B4F}
	EndGlobalSection
EndGlobal
